
Microsoft Visual Studio Solution File, Format Version 12.00
# Visual Studio Version 17
VisualStudioVersion = 17.2.32519.379
MinimumVisualStudioVersion = 10.0.40219.1
Project("{FAE04EC0-301F-11D3-BF4B-00C04F79EFBC}") = "FridgeAPI", "FridgeAPI\FridgeAPI.csproj", "{14933AC8-6703-410F-8CE1-9160C35B6563}"
EndProject
Global
	GlobalSection(SolutionConfigurationPlatforms) = preSolution
		Debug|Any CPU = Debug|Any CPU
		Release|Any CPU = Release|Any CPU
	EndGlobalSection
	GlobalSection(ProjectConfigurationPlatforms) = postSolution
		{14933AC8-6703-410F-8CE1-9160C35B6563}.Debug|Any CPU.ActiveCfg = Debug|Any CPU
		{14933AC8-6703-410F-8CE1-9160C35B6563}.Debug|Any CPU.Build.0 = Debug|Any CPU
		{14933AC8-6703-410F-8CE1-9160C35B6563}.Release|Any CPU.ActiveCfg = Release|Any CPU
		{14933AC8-6703-410F-8CE1-9160C35B6563}.Release|Any CPU.Build.0 = Release|Any CPU
	EndGlobalSection
	GlobalSection(SolutionProperties) = preSolution
		HideSolutionNode = FALSE
	EndGlobalSection
	GlobalSection(ExtensibilityGlobals) = postSolution
		SolutionGuid = {B9B44B73-E6E7-4158-9C84-381C4B9D6CFB}
	EndGlobalSection
EndGlobal
